
Microsoft Visual Studio Solution File, Format Version 12.00
# Visual Studio Version 16
VisualStudioVersion = 16.0.29920.165
MinimumVisualStudioVersion = 10.0.40219.1
Project("{FAE04EC0-301F-11D3-BF4B-00C04F79EFBC}") = "Seconds", "Seconds\Seconds.csproj", "{E9CCC049-F89A-4A38-84AD-BEB93151B1B3}"
EndProject
Global
	GlobalSection(SolutionConfigurationPlatforms) = preSolution
		Debug|Any CPU = Debug|Any CPU
		Release|Any CPU = Release|Any CPU
	EndGlobalSection
	GlobalSection(ProjectConfigurationPlatforms) = postSolution
		{E9CCC049-F89A-4A38-84AD-BEB93151B1B3}.Debug|Any CPU.ActiveCfg = Debug|Any CPU
		{E9CCC049-F89A-4A38-84AD-BEB93151B1B3}.Debug|Any CPU.Build.0 = Debug|Any CPU
		{E9CCC049-F89A-4A38-84AD-BEB93151B1B3}.Release|Any CPU.ActiveCfg = Release|Any CPU
		{E9CCC049-F89A-4A38-84AD-BEB93151B1B3}.Release|Any CPU.Build.0 = Release|Any CPU
	EndGlobalSection
	GlobalSection(SolutionProperties) = preSolution
		HideSolutionNode = FALSE
	EndGlobalSection
	GlobalSection(ExtensibilityGlobals) = postSolution
		SolutionGuid = {4BC8A0D1-C576-4DE1-8830-4A3096999934}
	EndGlobalSection
EndGlobal
